
Microsoft Visual Studio Solution File, Format Version 12.00
# Visual Studio Version 17
VisualStudioVersion = 17.10.34928.147
MinimumVisualStudioVersion = 10.0.40219.1
Project("{FAE04EC0-301F-11D3-BF4B-00C04F79EFBC}") = "INTEGRACION_SANJUAN", "INTEGRACION_SANJUAN.csproj", "{6BD20BD0-ABA4-4795-ACED-9CD23E4FFC31}"
EndProject
Global
	GlobalSection(SolutionConfigurationPlatforms) = preSolution
		Debug|Any CPU = Debug|Any CPU
		Release|Any CPU = Release|Any CPU
	EndGlobalSection
	GlobalSection(ProjectConfigurationPlatforms) = postSolution
		{6BD20BD0-ABA4-4795-ACED-9CD23E4FFC31}.Debug|Any CPU.ActiveCfg = Debug|Any CPU
		{6BD20BD0-ABA4-4795-ACED-9CD23E4FFC31}.Debug|Any CPU.Build.0 = Debug|Any CPU
		{6BD20BD0-ABA4-4795-ACED-9CD23E4FFC31}.Release|Any CPU.ActiveCfg = Release|Any CPU
		{6BD20BD0-ABA4-4795-ACED-9CD23E4FFC31}.Release|Any CPU.Build.0 = Release|Any CPU
	EndGlobalSection
	GlobalSection(SolutionProperties) = preSolution
		HideSolutionNode = FALSE
	EndGlobalSection
	GlobalSection(ExtensibilityGlobals) = postSolution
		SolutionGuid = {6488AF9C-1270-4EF2-B20C-8A123831D29C}
	EndGlobalSection
EndGlobal
